
Microsoft Visual Studio Solution File, Format Version 12.00
# Visual Studio Version 17
VisualStudioVersion = 17.4.33213.308
MinimumVisualStudioVersion = 10.0.40219.1
Project("{FAE04EC0-301F-11D3-BF4B-00C04F79EFBC}") = "Task_OOP", "Task_OOP\Task_OOP.csproj", "{3BCB414A-799D-488E-92A4-C6BD8ACE071F}"
EndProject
Project("{FAE04EC0-301F-11D3-BF4B-00C04F79EFBC}") = "Reference_project", "Reference_project\Reference_project.csproj", "{668DD385-CBAE-4065-ADD0-02968111AC86}"
EndProject
Global
	GlobalSection(SolutionConfigurationPlatforms) = preSolution
		Debug|Any CPU = Debug|Any CPU
		Release|Any CPU = Release|Any CPU
	EndGlobalSection
	GlobalSection(ProjectConfigurationPlatforms) = postSolution
		{3BCB414A-799D-488E-92A4-C6BD8ACE071F}.Debug|Any CPU.ActiveCfg = Debug|Any CPU
		{3BCB414A-799D-488E-92A4-C6BD8ACE071F}.Debug|Any CPU.Build.0 = Debug|Any CPU
		{3BCB414A-799D-488E-92A4-C6BD8ACE071F}.Release|Any CPU.ActiveCfg = Release|Any CPU
		{3BCB414A-799D-488E-92A4-C6BD8ACE071F}.Release|Any CPU.Build.0 = Release|Any CPU
		{668DD385-CBAE-4065-ADD0-02968111AC86}.Debug|Any CPU.ActiveCfg = Debug|Any CPU
		{668DD385-CBAE-4065-ADD0-02968111AC86}.Debug|Any CPU.Build.0 = Debug|Any CPU
		{668DD385-CBAE-4065-ADD0-02968111AC86}.Release|Any CPU.ActiveCfg = Release|Any CPU
		{668DD385-CBAE-4065-ADD0-02968111AC86}.Release|Any CPU.Build.0 = Release|Any CPU
	EndGlobalSection
	GlobalSection(SolutionProperties) = preSolution
		HideSolutionNode = FALSE
	EndGlobalSection
	GlobalSection(ExtensibilityGlobals) = postSolution
		SolutionGuid = {7FC2F228-B96B-4D46-89AB-4BF979210073}
	EndGlobalSection
EndGlobal
